
Microsoft Visual Studio Solution File, Format Version 12.00
# Visual Studio 15
VisualStudioVersion = 15.0.26403.3
MinimumVisualStudioVersion = 10.0.40219.1
Project("{8BC9CEB8-8B4A-11D0-8D11-00A0C91BC942}") = "1x01a - Welcome Text", "1x01a - Welcome Text\1x01a - Welcome Text.vcxproj", "{17E1E43D-0723-40CD-93E1-D89BB76C20CF}"
EndProject
Project("{8BC9CEB8-8B4A-11D0-8D11-00A0C91BC942}") = "1x01b - I Can Program", "1x01b - I Can Program\1x01b - I Can Program.vcxproj", "{177CE6EF-3025-49CF-AB20-904DEF5E6D08}"
EndProject
Project("{8BC9CEB8-8B4A-11D0-8D11-00A0C91BC942}") = "1x01c - Print AUT", "1x01c - Print AUT\1x01c - Print AUT.vcxproj", "{07C64FE7-1C31-490D-96F3-0F4B4B969ED8}"
EndProject
Project("{8BC9CEB8-8B4A-11D0-8D11-00A0C91BC942}") = "1x01d - Learning C", "1x01d - Learning C\1x01d - Learning C.vcxproj", "{EB479DB8-15D4-44C0-9C6F-896ED80D9CA1}"
EndProject
Project("{8BC9CEB8-8B4A-11D0-8D11-00A0C91BC942}") = "1x02c - Right Angle Triangle", "1x02c - Right Angle Triangle\1x02c - Right Angle Triangle.vcxproj", "{4FB238B8-3E4E-4903-80F7-6192C1E399FD}"
EndProject
Project("{8BC9CEB8-8B4A-11D0-8D11-00A0C91BC942}") = "1x02b - X in Square", "1x02b - X in Square\1x02b - X in Square.vcxproj", "{1AB10D6F-C39A-4290-B49E-73016BFD0899}"
EndProject
Project("{8BC9CEB8-8B4A-11D0-8D11-00A0C91BC942}") = "1x02a - Centred Triangle", "1x02a - Centred Triangle\1x02a - Centred Triangle.vcxproj", "{22BB66BC-D14B-4F7D-A128-33D08A8D34F3}"
EndProject
Project("{8BC9CEB8-8B4A-11D0-8D11-00A0C91BC942}") = "1x02d - Small Mouse", "1x02d - Small Mouse\1x02d - Small Mouse.vcxproj", "{9E26599A-7053-448C-8C87-287CAB1F5055}"
EndProject
Project("{8BC9CEB8-8B4A-11D0-8D11-00A0C91BC942}") = "1x03b - Three Big Letters", "1x03b - Three Big Letters\1x03b - Three Big Letters.vcxproj", "{60143057-14E9-424E-A453-AED7684B909E}"
EndProject
Project("{8BC9CEB8-8B4A-11D0-8D11-00A0C91BC942}") = "1x03d - Pattern Printer", "1x03d - Pattern Printer\1x03d - Pattern Printer.vcxproj", "{0D0B7DE2-A1C1-4781-8703-2DB5A1F79A6F}"
EndProject
Project("{8BC9CEB8-8B4A-11D0-8D11-00A0C91BC942}") = "1x03c - Mirrored Triangles", "1x03c - Mirrored Triangles\1x03c - Mirrored Triangles.vcxproj", "{681CF8FC-97C9-4C02-970E-4016D8F28E37}"
EndProject
Project("{8BC9CEB8-8B4A-11D0-8D11-00A0C91BC942}") = "1x03e - Snowflake", "1x03e - Snowflake\1x03e - Snowflake.vcxproj", "{60E0755A-AA51-42DD-A292-C8A9C20734C4}"
EndProject
Project("{8BC9CEB8-8B4A-11D0-8D11-00A0C91BC942}") = "1x04b - Sailboat", "1x04b - Sailboat\1x04b - Sailboat.vcxproj", "{D1561F0B-DE30-4325-BB98-BBD4822DCB72}"
EndProject
Project("{8BC9CEB8-8B4A-11D0-8D11-00A0C91BC942}") = "1x04e - Cityscape", "1x04e - Cityscape\1x04e - Cityscape.vcxproj", "{EA863713-2AFC-4167-B550-687EDC829275}"
EndProject
Project("{8BC9CEB8-8B4A-11D0-8D11-00A0C91BC942}") = "1x04c - The Cat", "1x04c - The Cat\1x04c - The Cat.vcxproj", "{574E81CF-B0EB-4087-B276-DF9510EAF54A}"
EndProject
Project("{8BC9CEB8-8B4A-11D0-8D11-00A0C91BC942}") = "1x04d - Cheese Burger", "1x04d - Cheese Burger\1x04d - Cheese Burger.vcxproj", "{DC0AC341-03C6-4518-A7E5-8A966B3C7C49}"
EndProject
Project("{8BC9CEB8-8B4A-11D0-8D11-00A0C91BC942}") = "1x05a - Robot Face", "1x05a - Robot Face\1x05a - Robot Face.vcxproj", "{F362FE46-3027-4AEB-B087-476273A0171B}"
EndProject
Project("{8BC9CEB8-8B4A-11D0-8D11-00A0C91BC942}") = "1x05b - Alien Face", "1x05b - Alien Face\1x05b - Alien Face.vcxproj", "{53512021-FC1C-45EF-996B-F37B27742523}"
EndProject
Project("{8BC9CEB8-8B4A-11D0-8D11-00A0C91BC942}") = "1x05c - Log Cabin", "1x05c - Log Cabin\1x05c - Log Cabin.vcxproj", "{F537E227-AACB-4034-B52D-D755529B78FF}"
EndProject
Project("{8BC9CEB8-8B4A-11D0-8D11-00A0C91BC942}") = "1x05d - Pyramid", "1x05d - Pyramid\1x05d - Pyramid.vcxproj", "{D2F83F1E-07CD-42AD-950B-4C9C646E78CE}"
EndProject
Project("{8BC9CEB8-8B4A-11D0-8D11-00A0C91BC942}") = "1x01e - Course Details", "1x01e - Course Details\1x01e - Course Details.vcxproj", "{BA2930C5-97F0-4D7C-952D-41FEAB10AE43}"
EndProject
Project("{8BC9CEB8-8B4A-11D0-8D11-00A0C91BC942}") = "1x02e - Small Cat", "1x02e - Small Cat\1x02e - Small Cat.vcxproj", "{DA06BC02-B10F-41B5-BB95-1466CB07727E}"
EndProject
Project("{8BC9CEB8-8B4A-11D0-8D11-00A0C91BC942}") = "1x03a - The Rocket", "1x03a - The Rocket\1x03a - The Rocket.vcxproj", "{0B323B0E-B06E-41A9-AAAF-E17B0669DAA7}"
EndProject
Project("{8BC9CEB8-8B4A-11D0-8D11-00A0C91BC942}") = "1x04a - Two Animals", "1x04a - Two Animals\1x04a - Two Animals.vcxproj", "{696C7132-9723-4822-9066-7E65F2F60414}"
EndProject
Project("{8BC9CEB8-8B4A-11D0-8D11-00A0C91BC942}") = "1x05e - Cat Fish", "1x05e - Cat Fish\1x05e - Cat Fish.vcxproj", "{492508D5-7BF3-416C-8462-02D884DDEF5B}"
EndProject
Global
	GlobalSection(SolutionConfigurationPlatforms) = preSolution
		Debug|Win32 = Debug|Win32
		Feedback Mode|Win32 = Feedback Mode|Win32
		Release|Win32 = Release|Win32
	EndGlobalSection
	GlobalSection(ProjectConfigurationPlatforms) = postSolution
		{17E1E43D-0723-40CD-93E1-D89BB76C20CF}.Debug|Win32.ActiveCfg = Debug|Win32
		{17E1E43D-0723-40CD-93E1-D89BB76C20CF}.Debug|Win32.Build.0 = Debug|Win32
		{17E1E43D-0723-40CD-93E1-D89BB76C20CF}.Feedback Mode|Win32.ActiveCfg = Feedback Mode|Win32
		{17E1E43D-0723-40CD-93E1-D89BB76C20CF}.Feedback Mode|Win32.Build.0 = Feedback Mode|Win32
		{17E1E43D-0723-40CD-93E1-D89BB76C20CF}.Release|Win32.ActiveCfg = Release|Win32
		{17E1E43D-0723-40CD-93E1-D89BB76C20CF}.Release|Win32.Build.0 = Release|Win32
		{177CE6EF-3025-49CF-AB20-904DEF5E6D08}.Debug|Win32.ActiveCfg = Debug|Win32
		{177CE6EF-3025-49CF-AB20-904DEF5E6D08}.Debug|Win32.Build.0 = Debug|Win32
		{177CE6EF-3025-49CF-AB20-904DEF5E6D08}.Feedback Mode|Win32.ActiveCfg = Feedback Mode|Win32
		{177CE6EF-3025-49CF-AB20-904DEF5E6D08}.Feedback Mode|Win32.Build.0 = Feedback Mode|Win32
		{177CE6EF-3025-49CF-AB20-904DEF5E6D08}.Release|Win32.ActiveCfg = Release|Win32
		{177CE6EF-3025-49CF-AB20-904DEF5E6D08}.Release|Win32.Build.0 = Release|Win32
		{07C64FE7-1C31-490D-96F3-0F4B4B969ED8}.Debug|Win32.ActiveCfg = Debug|Win32
		{07C64FE7-1C31-490D-96F3-0F4B4B969ED8}.Debug|Win32.Build.0 = Debug|Win32
		{07C64FE7-1C31-490D-96F3-0F4B4B969ED8}.Feedback Mode|Win32.ActiveCfg = Feedback Mode|Win32
		{07C64FE7-1C31-490D-96F3-0F4B4B969ED8}.Feedback Mode|Win32.Build.0 = Feedback Mode|Win32
		{07C64FE7-1C31-490D-96F3-0F4B4B969ED8}.Release|Win32.ActiveCfg = Release|Win32
		{07C64FE7-1C31-490D-96F3-0F4B4B969ED8}.Release|Win32.Build.0 = Release|Win32
		{EB479DB8-15D4-44C0-9C6F-896ED80D9CA1}.Debug|Win32.ActiveCfg = Debug|Win32
		{EB479DB8-15D4-44C0-9C6F-896ED80D9CA1}.Debug|Win32.Build.0 = Debug|Win32
		{EB479DB8-15D4-44C0-9C6F-896ED80D9CA1}.Feedback Mode|Win32.ActiveCfg = Feedback Mode|Win32
		{EB479DB8-15D4-44C0-9C6F-896ED80D9CA1}.Feedback Mode|Win32.Build.0 = Feedback Mode|Win32
		{EB479DB8-15D4-44C0-9C6F-896ED80D9CA1}.Release|Win32.ActiveCfg = Release|Win32
		{EB479DB8-15D4-44C0-9C6F-896ED80D9CA1}.Release|Win32.Build.0 = Release|Win32
		{4FB238B8-3E4E-4903-80F7-6192C1E399FD}.Debug|Win32.ActiveCfg = Debug|Win32
		{4FB238B8-3E4E-4903-80F7-6192C1E399FD}.Debug|Win32.Build.0 = Debug|Win32
		{4FB238B8-3E4E-4903-80F7-6192C1E399FD}.Feedback Mode|Win32.ActiveCfg = Feedback Mode|Win32
		{4FB238B8-3E4E-4903-80F7-6192C1E399FD}.Feedback Mode|Win32.Build.0 = Feedback Mode|Win32
		{4FB238B8-3E4E-4903-80F7-6192C1E399FD}.Release|Win32.ActiveCfg = Release|Win32
		{4FB238B8-3E4E-4903-80F7-6192C1E399FD}.Release|Win32.Build.0 = Release|Win32
		{1AB10D6F-C39A-4290-B49E-73016BFD0899}.Debug|Win32.ActiveCfg = Debug|Win32
		{1AB10D6F-C39A-4290-B49E-73016BFD0899}.Debug|Win32.Build.0 = Debug|Win32
		{1AB10D6F-C39A-4290-B49E-73016BFD0899}.Feedback Mode|Win32.ActiveCfg = Feedback Mode|Win32
		{1AB10D6F-C39A-4290-B49E-73016BFD0899}.Feedback Mode|Win32.Build.0 = Feedback Mode|Win32
		{1AB10D6F-C39A-4290-B49E-73016BFD0899}.Release|Win32.ActiveCfg = Release|Win32
		{1AB10D6F-C39A-4290-B49E-73016BFD0899}.Release|Win32.Build.0 = Release|Win32
		{22BB66BC-D14B-4F7D-A128-33D08A8D34F3}.Debug|Win32.ActiveCfg = Debug|Win32
		{22BB66BC-D14B-4F7D-A128-33D08A8D34F3}.Debug|Win32.Build.0 = Debug|Win32
		{22BB66BC-D14B-4F7D-A128-33D08A8D34F3}.Feedback Mode|Win32.ActiveCfg = Feedback Mode|Win32
		{22BB66BC-D14B-4F7D-A128-33D08A8D34F3}.Feedback Mode|Win32.Build.0 = Feedback Mode|Win32
		{22BB66BC-D14B-4F7D-A128-33D08A8D34F3}.Release|Win32.ActiveCfg = Release|Win32
		{22BB66BC-D14B-4F7D-A128-33D08A8D34F3}.Release|Win32.Build.0 = Release|Win32
		{9E26599A-7053-448C-8C87-287CAB1F5055}.Debug|Win32.ActiveCfg = Debug|Win32
		{9E26599A-7053-448C-8C87-287CAB1F5055}.Debug|Win32.Build.0 = Debug|Win32
		{9E26599A-7053-448C-8C87-287CAB1F5055}.Feedback Mode|Win32.ActiveCfg = Feedback Mode|Win32
		{9E26599A-7053-448C-8C87-287CAB1F5055}.Feedback Mode|Win32.Build.0 = Feedback Mode|Win32
		{9E26599A-7053-448C-8C87-287CAB1F5055}.Release|Win32.ActiveCfg = Release|Win32
		{9E26599A-7053-448C-8C87-287CAB1F5055}.Release|Win32.Build.0 = Release|Win32
		{60143057-14E9-424E-A453-AED7684B909E}.Debug|Win32.ActiveCfg = Debug|Win32
		{60143057-14E9-424E-A453-AED7684B909E}.Debug|Win32.Build.0 = Debug|Win32
		{60143057-14E9-424E-A453-AED7684B909E}.Feedback Mode|Win32.ActiveCfg = Feedback Mode|Win32
		{60143057-14E9-424E-A453-AED7684B909E}.Feedback Mode|Win32.Build.0 = Feedback Mode|Win32
		{60143057-14E9-424E-A453-AED7684B909E}.Release|Win32.ActiveCfg = Release|Win32
		{60143057-14E9-424E-A453-AED7684B909E}.Release|Win32.Build.0 = Release|Win32
		{0D0B7DE2-A1C1-4781-8703-2DB5A1F79A6F}.Debug|Win32.ActiveCfg = Debug|Win32
		{0D0B7DE2-A1C1-4781-8703-2DB5A1F79A6F}.Debug|Win32.Build.0 = Debug|Win32
		{0D0B7DE2-A1C1-4781-8703-2DB5A1F79A6F}.Feedback Mode|Win32.ActiveCfg = Feedback Mode|Win32
		{0D0B7DE2-A1C1-4781-8703-2DB5A1F79A6F}.Feedback Mode|Win32.Build.0 = Feedback Mode|Win32
		{0D0B7DE2-A1C1-4781-8703-2DB5A1F79A6F}.Release|Win32.ActiveCfg = Release|Win32
		{0D0B7DE2-A1C1-4781-8703-2DB5A1F79A6F}.Release|Win32.Build.0 = Release|Win32
		{681CF8FC-97C9-4C02-970E-4016D8F28E37}.Debug|Win32.ActiveCfg = Debug|Win32
		{681CF8FC-97C9-4C02-970E-4016D8F28E37}.Debug|Win32.Build.0 = Debug|Win32
		{681CF8FC-97C9-4C02-970E-4016D8F28E37}.Feedback Mode|Win32.ActiveCfg = Feedback Mode|Win32
		{681CF8FC-97C9-4C02-970E-4016D8F28E37}.Feedback Mode|Win32.Build.0 = Feedback Mode|Win32
		{681CF8FC-97C9-4C02-970E-4016D8F28E37}.Release|Win32.ActiveCfg = Release|Win32
		{681CF8FC-97C9-4C02-970E-4016D8F28E37}.Release|Win32.Build.0 = Release|Win32
		{60E0755A-AA51-42DD-A292-C8A9C20734C4}.Debug|Win32.ActiveCfg = Debug|Win32
		{60E0755A-AA51-42DD-A292-C8A9C20734C4}.Debug|Win32.Build.0 = Debug|Win32
		{60E0755A-AA51-42DD-A292-C8A9C20734C4}.Feedback Mode|Win32.ActiveCfg = Feedback Mode|Win32
		{60E0755A-AA51-42DD-A292-C8A9C20734C4}.Feedback Mode|Win32.Build.0 = Feedback Mode|Win32
		{60E0755A-AA51-42DD-A292-C8A9C20734C4}.Release|Win32.ActiveCfg = Release|Win32
		{60E0755A-AA51-42DD-A292-C8A9C20734C4}.Release|Win32.Build.0 = Release|Win32
		{D1561F0B-DE30-4325-BB98-BBD4822DCB72}.Debug|Win32.ActiveCfg = Debug|Win32
		{D1561F0B-DE30-4325-BB98-BBD4822DCB72}.Debug|Win32.Build.0 = Debug|Win32
		{D1561F0B-DE30-4325-BB98-BBD4822DCB72}.Feedback Mode|Win32.ActiveCfg = Feedback Mode|Win32
		{D1561F0B-DE30-4325-BB98-BBD4822DCB72}.Feedback Mode|Win32.Build.0 = Feedback Mode|Win32
		{D1561F0B-DE30-4325-BB98-BBD4822DCB72}.Release|Win32.ActiveCfg = Release|Win32
		{D1561F0B-DE30-4325-BB98-BBD4822DCB72}.Release|Win32.Build.0 = Release|Win32
		{EA863713-2AFC-4167-B550-687EDC829275}.Debug|Win32.ActiveCfg = Debug|Win32
		{EA863713-2AFC-4167-B550-687EDC829275}.Debug|Win32.Build.0 = Debug|Win32
		{EA863713-2AFC-4167-B550-687EDC829275}.Feedback Mode|Win32.ActiveCfg = Feedback Mode|Win32
		{EA863713-2AFC-4167-B550-687EDC829275}.Feedback Mode|Win32.Build.0 = Feedback Mode|Win32
		{EA863713-2AFC-4167-B550-687EDC829275}.Release|Win32.ActiveCfg = Release|Win32
		{EA863713-2AFC-4167-B550-687EDC829275}.Release|Win32.Build.0 = Release|Win32
		{574E81CF-B0EB-4087-B276-DF9510EAF54A}.Debug|Win32.ActiveCfg = Debug|Win32
		{574E81CF-B0EB-4087-B276-DF9510EAF54A}.Debug|Win32.Build.0 = Debug|Win32
		{574E81CF-B0EB-4087-B276-DF9510EAF54A}.Feedback Mode|Win32.ActiveCfg = Feedback Mode|Win32
		{574E81CF-B0EB-4087-B276-DF9510EAF54A}.Feedback Mode|Win32.Build.0 = Feedback Mode|Win32
		{574E81CF-B0EB-4087-B276-DF9510EAF54A}.Release|Win32.ActiveCfg = Release|Win32
		{574E81CF-B0EB-4087-B276-DF9510EAF54A}.Release|Win32.Build.0 = Release|Win32
		{DC0AC341-03C6-4518-A7E5-8A966B3C7C49}.Debug|Win32.ActiveCfg = Debug|Win32
		{DC0AC341-03C6-4518-A7E5-8A966B3C7C49}.Debug|Win32.Build.0 = Debug|Win32
		{DC0AC341-03C6-4518-A7E5-8A966B3C7C49}.Feedback Mode|Win32.ActiveCfg = Feedback Mode|Win32
		{DC0AC341-03C6-4518-A7E5-8A966B3C7C49}.Feedback Mode|Win32.Build.0 = Feedback Mode|Win32
		{DC0AC341-03C6-4518-A7E5-8A966B3C7C49}.Release|Win32.ActiveCfg = Release|Win32
		{DC0AC341-03C6-4518-A7E5-8A966B3C7C49}.Release|Win32.Build.0 = Release|Win32
		{F362FE46-3027-4AEB-B087-476273A0171B}.Debug|Win32.ActiveCfg = Debug|Win32
		{F362FE46-3027-4AEB-B087-476273A0171B}.Debug|Win32.Build.0 = Debug|Win32
		{F362FE46-3027-4AEB-B087-476273A0171B}.Feedback Mode|Win32.ActiveCfg = Feedback Mode|Win32
		{F362FE46-3027-4AEB-B087-476273A0171B}.Feedback Mode|Win32.Build.0 = Feedback Mode|Win32
		{F362FE46-3027-4AEB-B087-476273A0171B}.Release|Win32.ActiveCfg = Release|Win32
		{F362FE46-3027-4AEB-B087-476273A0171B}.Release|Win32.Build.0 = Release|Win32
		{53512021-FC1C-45EF-996B-F37B27742523}.Debug|Win32.ActiveCfg = Debug|Win32
		{53512021-FC1C-45EF-996B-F37B27742523}.Debug|Win32.Build.0 = Debug|Win32
		{53512021-FC1C-45EF-996B-F37B27742523}.Feedback Mode|Win32.ActiveCfg = Feedback Mode|Win32
		{53512021-FC1C-45EF-996B-F37B27742523}.Feedback Mode|Win32.Build.0 = Feedback Mode|Win32
		{53512021-FC1C-45EF-996B-F37B27742523}.Release|Win32.ActiveCfg = Release|Win32
		{53512021-FC1C-45EF-996B-F37B27742523}.Release|Win32.Build.0 = Release|Win32
		{F537E227-AACB-4034-B52D-D755529B78FF}.Debug|Win32.ActiveCfg = Debug|Win32
		{F537E227-AACB-4034-B52D-D755529B78FF}.Debug|Win32.Build.0 = Debug|Win32
		{F537E227-AACB-4034-B52D-D755529B78FF}.Feedback Mode|Win32.ActiveCfg = Feedback Mode|Win32
		{F537E227-AACB-4034-B52D-D755529B78FF}.Feedback Mode|Win32.Build.0 = Feedback Mode|Win32
		{F537E227-AACB-4034-B52D-D755529B78FF}.Release|Win32.ActiveCfg = Release|Win32
		{F537E227-AACB-4034-B52D-D755529B78FF}.Release|Win32.Build.0 = Release|Win32
		{D2F83F1E-07CD-42AD-950B-4C9C646E78CE}.Debug|Win32.ActiveCfg = Debug|Win32
		{D2F83F1E-07CD-42AD-950B-4C9C646E78CE}.Debug|Win32.Build.0 = Debug|Win32
		{D2F83F1E-07CD-42AD-950B-4C9C646E78CE}.Feedback Mode|Win32.ActiveCfg = Feedback Mode|Win32
		{D2F83F1E-07CD-42AD-950B-4C9C646E78CE}.Feedback Mode|Win32.Build.0 = Feedback Mode|Win32
		{D2F83F1E-07CD-42AD-950B-4C9C646E78CE}.Release|Win32.ActiveCfg = Release|Win32
		{D2F83F1E-07CD-42AD-950B-4C9C646E78CE}.Release|Win32.Build.0 = Release|Win32
		{A355B81E-2549-4008-8976-6F4F4533C80D}.Debug|Win32.ActiveCfg = Debug|Win32
		{A355B81E-2549-4008-8976-6F4F4533C80D}.Debug|Win32.Build.0 = Debug|Win32
		{A355B81E-2549-4008-8976-6F4F4533C80D}.Feedback Mode|Win32.ActiveCfg = Feedback Mode|Win32
		{A355B81E-2549-4008-8976-6F4F4533C80D}.Feedback Mode|Win32.Build.0 = Feedback Mode|Win32
		{A355B81E-2549-4008-8976-6F4F4533C80D}.Release|Win32.ActiveCfg = Release|Win32
		{A355B81E-2549-4008-8976-6F4F4533C80D}.Release|Win32.Build.0 = Release|Win32
		{289F79B2-A684-4579-8243-1ABC6D9E491B}.Debug|Win32.ActiveCfg = Debug|Win32
		{289F79B2-A684-4579-8243-1ABC6D9E491B}.Debug|Win32.Build.0 = Debug|Win32
		{289F79B2-A684-4579-8243-1ABC6D9E491B}.Feedback Mode|Win32.ActiveCfg = Feedback Mode|Win32
		{289F79B2-A684-4579-8243-1ABC6D9E491B}.Feedback Mode|Win32.Build.0 = Feedback Mode|Win32
		{289F79B2-A684-4579-8243-1ABC6D9E491B}.Release|Win32.ActiveCfg = Release|Win32
		{289F79B2-A684-4579-8243-1ABC6D9E491B}.Release|Win32.Build.0 = Release|Win32
		{BE72B2AF-6B26-4B5B-A131-DF6FC0ED3281}.Debug|Win32.ActiveCfg = Debug|Win32
		{BE72B2AF-6B26-4B5B-A131-DF6FC0ED3281}.Debug|Win32.Build.0 = Debug|Win32
		{BE72B2AF-6B26-4B5B-A131-DF6FC0ED3281}.Feedback Mode|Win32.ActiveCfg = Feedback Mode|Win32
		{BE72B2AF-6B26-4B5B-A131-DF6FC0ED3281}.Feedback Mode|Win32.Build.0 = Feedback Mode|Win32
		{BE72B2AF-6B26-4B5B-A131-DF6FC0ED3281}.Release|Win32.ActiveCfg = Release|Win32
		{BE72B2AF-6B26-4B5B-A131-DF6FC0ED3281}.Release|Win32.Build.0 = Release|Win32
		{C0071D36-CA5B-49DB-AB37-2D12A1135F65}.Debug|Win32.ActiveCfg = Debug|Win32
		{C0071D36-CA5B-49DB-AB37-2D12A1135F65}.Debug|Win32.Build.0 = Debug|Win32
		{C0071D36-CA5B-49DB-AB37-2D12A1135F65}.Feedback Mode|Win32.ActiveCfg = Feedback Mode|Win32
		{C0071D36-CA5B-49DB-AB37-2D12A1135F65}.Feedback Mode|Win32.Build.0 = Feedback Mode|Win32
		{C0071D36-CA5B-49DB-AB37-2D12A1135F65}.Release|Win32.ActiveCfg = Release|Win32
		{C0071D36-CA5B-49DB-AB37-2D12A1135F65}.Release|Win32.Build.0 = Release|Win32
		{9FA0BFE9-1F86-41CF-86FE-2212E0309CE9}.Debug|Win32.ActiveCfg = Debug|Win32
		{9FA0BFE9-1F86-41CF-86FE-2212E0309CE9}.Debug|Win32.Build.0 = Debug|Win32
		{9FA0BFE9-1F86-41CF-86FE-2212E0309CE9}.Feedback Mode|Win32.ActiveCfg = Feedback Mode|Win32
		{9FA0BFE9-1F86-41CF-86FE-2212E0309CE9}.Feedback Mode|Win32.Build.0 = Feedback Mode|Win32
		{9FA0BFE9-1F86-41CF-86FE-2212E0309CE9}.Release|Win32.ActiveCfg = Release|Win32
		{9FA0BFE9-1F86-41CF-86FE-2212E0309CE9}.Release|Win32.Build.0 = Release|Win32
		{69A88437-8990-4DF3-9158-64C06189FD47}.Debug|Win32.ActiveCfg = Debug|Win32
		{69A88437-8990-4DF3-9158-64C06189FD47}.Debug|Win32.Build.0 = Debug|Win32
		{69A88437-8990-4DF3-9158-64C06189FD47}.Feedback Mode|Win32.ActiveCfg = Feedback Mode|Win32
		{69A88437-8990-4DF3-9158-64C06189FD47}.Feedback Mode|Win32.Build.0 = Feedback Mode|Win32
		{69A88437-8990-4DF3-9158-64C06189FD47}.Release|Win32.ActiveCfg = Release|Win32
		{69A88437-8990-4DF3-9158-64C06189FD47}.Release|Win32.Build.0 = Release|Win32
		{856E451A-4E03-4C53-A38F-B19801410A69}.Debug|Win32.ActiveCfg = Debug|Win32
		{856E451A-4E03-4C53-A38F-B19801410A69}.Debug|Win32.Build.0 = Debug|Win32
		{856E451A-4E03-4C53-A38F-B19801410A69}.Feedback Mode|Win32.ActiveCfg = Feedback Mode|Win32
		{856E451A-4E03-4C53-A38F-B19801410A69}.Feedback Mode|Win32.Build.0 = Feedback Mode|Win32
		{856E451A-4E03-4C53-A38F-B19801410A69}.Release|Win32.ActiveCfg = Release|Win32
		{856E451A-4E03-4C53-A38F-B19801410A69}.Release|Win32.Build.0 = Release|Win32
		{2D89F251-81F1-4F36-89E8-96C62E8E7BDD}.Debug|Win32.ActiveCfg = Debug|Win32
		{2D89F251-81F1-4F36-89E8-96C62E8E7BDD}.Debug|Win32.Build.0 = Debug|Win32
		{2D89F251-81F1-4F36-89E8-96C62E8E7BDD}.Feedback Mode|Win32.ActiveCfg = Feedback Mode|Win32
		{2D89F251-81F1-4F36-89E8-96C62E8E7BDD}.Feedback Mode|Win32.Build.0 = Feedback Mode|Win32
		{2D89F251-81F1-4F36-89E8-96C62E8E7BDD}.Release|Win32.ActiveCfg = Release|Win32
		{2D89F251-81F1-4F36-89E8-96C62E8E7BDD}.Release|Win32.Build.0 = Release|Win32
		{888CE8D1-452F-44A3-804E-0899072C0D8C}.Debug|Win32.ActiveCfg = Debug|Win32
		{888CE8D1-452F-44A3-804E-0899072C0D8C}.Debug|Win32.Build.0 = Debug|Win32
		{888CE8D1-452F-44A3-804E-0899072C0D8C}.Feedback Mode|Win32.ActiveCfg = Feedback Mode|Win32
		{888CE8D1-452F-44A3-804E-0899072C0D8C}.Feedback Mode|Win32.Build.0 = Feedback Mode|Win32
		{888CE8D1-452F-44A3-804E-0899072C0D8C}.Release|Win32.ActiveCfg = Release|Win32
		{888CE8D1-452F-44A3-804E-0899072C0D8C}.Release|Win32.Build.0 = Release|Win32
		{57E2924A-A85F-4E9A-9F79-3389168C4797}.Debug|Win32.ActiveCfg = Debug|Win32
		{57E2924A-A85F-4E9A-9F79-3389168C4797}.Debug|Win32.Build.0 = Debug|Win32
		{57E2924A-A85F-4E9A-9F79-3389168C4797}.Feedback Mode|Win32.ActiveCfg = Feedback Mode|Win32
		{57E2924A-A85F-4E9A-9F79-3389168C4797}.Feedback Mode|Win32.Build.0 = Feedback Mode|Win32
		{57E2924A-A85F-4E9A-9F79-3389168C4797}.Release|Win32.ActiveCfg = Release|Win32
		{57E2924A-A85F-4E9A-9F79-3389168C4797}.Release|Win32.Build.0 = Release|Win32
		{4725542D-6577-4C83-A770-6F6CEB797D22}.Debug|Win32.ActiveCfg = Debug|Win32
		{4725542D-6577-4C83-A770-6F6CEB797D22}.Debug|Win32.Build.0 = Debug|Win32
		{4725542D-6577-4C83-A770-6F6CEB797D22}.Feedback Mode|Win32.ActiveCfg = Feedback Mode|Win32
		{4725542D-6577-4C83-A770-6F6CEB797D22}.Feedback Mode|Win32.Build.0 = Feedback Mode|Win32
		{4725542D-6577-4C83-A770-6F6CEB797D22}.Release|Win32.ActiveCfg = Release|Win32
		{4725542D-6577-4C83-A770-6F6CEB797D22}.Release|Win32.Build.0 = Release|Win32
		{D0993D8B-76B5-4981-931D-467C08B343C9}.Debug|Win32.ActiveCfg = Debug|Win32
		{D0993D8B-76B5-4981-931D-467C08B343C9}.Debug|Win32.Build.0 = Debug|Win32
		{D0993D8B-76B5-4981-931D-467C08B343C9}.Feedback Mode|Win32.ActiveCfg = Feedback Mode|Win32
		{D0993D8B-76B5-4981-931D-467C08B343C9}.Feedback Mode|Win32.Build.0 = Feedback Mode|Win32
		{D0993D8B-76B5-4981-931D-467C08B343C9}.Release|Win32.ActiveCfg = Release|Win32
		{D0993D8B-76B5-4981-931D-467C08B343C9}.Release|Win32.Build.0 = Release|Win32
		{D7384309-B65D-4285-B406-D7242D0CF9F3}.Debug|Win32.ActiveCfg = Debug|Win32
		{D7384309-B65D-4285-B406-D7242D0CF9F3}.Debug|Win32.Build.0 = Debug|Win32
		{D7384309-B65D-4285-B406-D7242D0CF9F3}.Feedback Mode|Win32.ActiveCfg = Feedback Mode|Win32
		{D7384309-B65D-4285-B406-D7242D0CF9F3}.Feedback Mode|Win32.Build.0 = Feedback Mode|Win32
		{D7384309-B65D-4285-B406-D7242D0CF9F3}.Release|Win32.ActiveCfg = Release|Win32
		{D7384309-B65D-4285-B406-D7242D0CF9F3}.Release|Win32.Build.0 = Release|Win32
		{9DC4046E-6A16-4546-89CF-AFC1BD5F0BBE}.Debug|Win32.ActiveCfg = Debug|Win32
		{9DC4046E-6A16-4546-89CF-AFC1BD5F0BBE}.Debug|Win32.Build.0 = Debug|Win32
		{9DC4046E-6A16-4546-89CF-AFC1BD5F0BBE}.Feedback Mode|Win32.ActiveCfg = Feedback Mode|Win32
		{9DC4046E-6A16-4546-89CF-AFC1BD5F0BBE}.Feedback Mode|Win32.Build.0 = Feedback Mode|Win32
		{9DC4046E-6A16-4546-89CF-AFC1BD5F0BBE}.Release|Win32.ActiveCfg = Release|Win32
		{9DC4046E-6A16-4546-89CF-AFC1BD5F0BBE}.Release|Win32.Build.0 = Release|Win32
		{946DDDCE-5D0A-4105-9019-1D31C789A84A}.Debug|Win32.ActiveCfg = Debug|Win32
		{946DDDCE-5D0A-4105-9019-1D31C789A84A}.Debug|Win32.Build.0 = Debug|Win32
		{946DDDCE-5D0A-4105-9019-1D31C789A84A}.Feedback Mode|Win32.ActiveCfg = Feedback Mode|Win32
		{946DDDCE-5D0A-4105-9019-1D31C789A84A}.Feedback Mode|Win32.Build.0 = Feedback Mode|Win32
		{946DDDCE-5D0A-4105-9019-1D31C789A84A}.Release|Win32.ActiveCfg = Release|Win32
		{946DDDCE-5D0A-4105-9019-1D31C789A84A}.Release|Win32.Build.0 = Release|Win32
		{EB194FEF-1014-4026-B773-C162BF8E9A27}.Debug|Win32.ActiveCfg = Debug|Win32
		{EB194FEF-1014-4026-B773-C162BF8E9A27}.Debug|Win32.Build.0 = Debug|Win32
		{EB194FEF-1014-4026-B773-C162BF8E9A27}.Feedback Mode|Win32.ActiveCfg = Feedback Mode|Win32
		{EB194FEF-1014-4026-B773-C162BF8E9A27}.Feedback Mode|Win32.Build.0 = Feedback Mode|Win32
		{EB194FEF-1014-4026-B773-C162BF8E9A27}.Release|Win32.ActiveCfg = Release|Win32
		{EB194FEF-1014-4026-B773-C162BF8E9A27}.Release|Win32.Build.0 = Release|Win32
		{CDAAF8E3-744E-495D-88CD-949D1947C58A}.Debug|Win32.ActiveCfg = Debug|Win32
		{CDAAF8E3-744E-495D-88CD-949D1947C58A}.Debug|Win32.Build.0 = Debug|Win32
		{CDAAF8E3-744E-495D-88CD-949D1947C58A}.Feedback Mode|Win32.ActiveCfg = Feedback Mode|Win32
		{CDAAF8E3-744E-495D-88CD-949D1947C58A}.Feedback Mode|Win32.Build.0 = Feedback Mode|Win32
		{CDAAF8E3-744E-495D-88CD-949D1947C58A}.Release|Win32.ActiveCfg = Release|Win32
		{CDAAF8E3-744E-495D-88CD-949D1947C58A}.Release|Win32.Build.0 = Release|Win32
		{8923A337-A109-4A8A-92A7-0C85BB8B4BBD}.Debug|Win32.ActiveCfg = Debug|Win32
		{8923A337-A109-4A8A-92A7-0C85BB8B4BBD}.Debug|Win32.Build.0 = Debug|Win32
		{8923A337-A109-4A8A-92A7-0C85BB8B4BBD}.Feedback Mode|Win32.ActiveCfg = Feedback Mode|Win32
		{8923A337-A109-4A8A-92A7-0C85BB8B4BBD}.Feedback Mode|Win32.Build.0 = Feedback Mode|Win32
		{8923A337-A109-4A8A-92A7-0C85BB8B4BBD}.Release|Win32.ActiveCfg = Release|Win32
		{8923A337-A109-4A8A-92A7-0C85BB8B4BBD}.Release|Win32.Build.0 = Release|Win32
		{F94F36AA-44A7-44C1-9589-C2906551791C}.Debug|Win32.ActiveCfg = Debug|Win32
		{F94F36AA-44A7-44C1-9589-C2906551791C}.Debug|Win32.Build.0 = Debug|Win32
		{F94F36AA-44A7-44C1-9589-C2906551791C}.Feedback Mode|Win32.ActiveCfg = Feedback Mode|Win32
		{F94F36AA-44A7-44C1-9589-C2906551791C}.Feedback Mode|Win32.Build.0 = Feedback Mode|Win32
		{F94F36AA-44A7-44C1-9589-C2906551791C}.Release|Win32.ActiveCfg = Release|Win32
		{F94F36AA-44A7-44C1-9589-C2906551791C}.Release|Win32.Build.0 = Release|Win32
		{7931F282-D539-4F6A-934D-DBCC81549C4C}.Debug|Win32.ActiveCfg = Debug|Win32
		{7931F282-D539-4F6A-934D-DBCC81549C4C}.Debug|Win32.Build.0 = Debug|Win32
		{7931F282-D539-4F6A-934D-DBCC81549C4C}.Feedback Mode|Win32.ActiveCfg = Feedback Mode|Win32
		{7931F282-D539-4F6A-934D-DBCC81549C4C}.Feedback Mode|Win32.Build.0 = Feedback Mode|Win32
		{7931F282-D539-4F6A-934D-DBCC81549C4C}.Release|Win32.ActiveCfg = Release|Win32
		{7931F282-D539-4F6A-934D-DBCC81549C4C}.Release|Win32.Build.0 = Release|Win32
		{BA2930C5-97F0-4D7C-952D-41FEAB10AE43}.Debug|Win32.ActiveCfg = Debug|Win32
		{BA2930C5-97F0-4D7C-952D-41FEAB10AE43}.Debug|Win32.Build.0 = Debug|Win32
		{BA2930C5-97F0-4D7C-952D-41FEAB10AE43}.Feedback Mode|Win32.ActiveCfg = Feedback Mode|Win32
		{BA2930C5-97F0-4D7C-952D-41FEAB10AE43}.Feedback Mode|Win32.Build.0 = Feedback Mode|Win32
		{BA2930C5-97F0-4D7C-952D-41FEAB10AE43}.Release|Win32.ActiveCfg = Release|Win32
		{BA2930C5-97F0-4D7C-952D-41FEAB10AE43}.Release|Win32.Build.0 = Release|Win32
		{DA06BC02-B10F-41B5-BB95-1466CB07727E}.Debug|Win32.ActiveCfg = Debug|Win32
		{DA06BC02-B10F-41B5-BB95-1466CB07727E}.Debug|Win32.Build.0 = Debug|Win32
		{DA06BC02-B10F-41B5-BB95-1466CB07727E}.Feedback Mode|Win32.ActiveCfg = Feedback Mode|Win32
		{DA06BC02-B10F-41B5-BB95-1466CB07727E}.Feedback Mode|Win32.Build.0 = Feedback Mode|Win32
		{DA06BC02-B10F-41B5-BB95-1466CB07727E}.Release|Win32.ActiveCfg = Release|Win32
		{DA06BC02-B10F-41B5-BB95-1466CB07727E}.Release|Win32.Build.0 = Release|Win32
		{0B323B0E-B06E-41A9-AAAF-E17B0669DAA7}.Debug|Win32.ActiveCfg = Debug|Win32
		{0B323B0E-B06E-41A9-AAAF-E17B0669DAA7}.Debug|Win32.Build.0 = Debug|Win32
		{0B323B0E-B06E-41A9-AAAF-E17B0669DAA7}.Feedback Mode|Win32.ActiveCfg = Feedback Mode|Win32
		{0B323B0E-B06E-41A9-AAAF-E17B0669DAA7}.Feedback Mode|Win32.Build.0 = Feedback Mode|Win32
		{0B323B0E-B06E-41A9-AAAF-E17B0669DAA7}.Release|Win32.ActiveCfg = Release|Win32
		{0B323B0E-B06E-41A9-AAAF-E17B0669DAA7}.Release|Win32.Build.0 = Release|Win32
		{696C7132-9723-4822-9066-7E65F2F60414}.Debug|Win32.ActiveCfg = Debug|Win32
		{696C7132-9723-4822-9066-7E65F2F60414}.Debug|Win32.Build.0 = Debug|Win32
		{696C7132-9723-4822-9066-7E65F2F60414}.Feedback Mode|Win32.ActiveCfg = Feedback Mode|Win32
		{696C7132-9723-4822-9066-7E65F2F60414}.Feedback Mode|Win32.Build.0 = Feedback Mode|Win32
		{696C7132-9723-4822-9066-7E65F2F60414}.Release|Win32.ActiveCfg = Release|Win32
		{696C7132-9723-4822-9066-7E65F2F60414}.Release|Win32.Build.0 = Release|Win32
		{492508D5-7BF3-416C-8462-02D884DDEF5B}.Debug|Win32.ActiveCfg = Debug|Win32
		{492508D5-7BF3-416C-8462-02D884DDEF5B}.Debug|Win32.Build.0 = Debug|Win32
		{492508D5-7BF3-416C-8462-02D884DDEF5B}.Feedback Mode|Win32.ActiveCfg = Feedback Mode|Win32
		{492508D5-7BF3-416C-8462-02D884DDEF5B}.Feedback Mode|Win32.Build.0 = Feedback Mode|Win32
		{492508D5-7BF3-416C-8462-02D884DDEF5B}.Release|Win32.ActiveCfg = Release|Win32
		{492508D5-7BF3-416C-8462-02D884DDEF5B}.Release|Win32.Build.0 = Release|Win32
		{4D8EBF51-A760-43C2-9BC5-F7B42D1C0FC8}.Debug|Win32.ActiveCfg = Debug|Win32
		{4D8EBF51-A760-43C2-9BC5-F7B42D1C0FC8}.Debug|Win32.Build.0 = Debug|Win32
		{4D8EBF51-A760-43C2-9BC5-F7B42D1C0FC8}.Feedback Mode|Win32.ActiveCfg = Feedback Mode|Win32
		{4D8EBF51-A760-43C2-9BC5-F7B42D1C0FC8}.Feedback Mode|Win32.Build.0 = Feedback Mode|Win32
		{4D8EBF51-A760-43C2-9BC5-F7B42D1C0FC8}.Release|Win32.ActiveCfg = Release|Win32
		{4D8EBF51-A760-43C2-9BC5-F7B42D1C0FC8}.Release|Win32.Build.0 = Release|Win32
		{A4D14A5F-115F-4E7E-9687-BB3D15EE4823}.Debug|Win32.ActiveCfg = Debug|Win32
		{A4D14A5F-115F-4E7E-9687-BB3D15EE4823}.Debug|Win32.Build.0 = Debug|Win32
		{A4D14A5F-115F-4E7E-9687-BB3D15EE4823}.Feedback Mode|Win32.ActiveCfg = Feedback Mode|Win32
		{A4D14A5F-115F-4E7E-9687-BB3D15EE4823}.Feedback Mode|Win32.Build.0 = Feedback Mode|Win32
		{A4D14A5F-115F-4E7E-9687-BB3D15EE4823}.Release|Win32.ActiveCfg = Release|Win32
		{A4D14A5F-115F-4E7E-9687-BB3D15EE4823}.Release|Win32.Build.0 = Release|Win32
		{766D4B68-84A4-4FC0-BBCC-41EA8BBF066A}.Debug|Win32.ActiveCfg = Debug|Win32
		{766D4B68-84A4-4FC0-BBCC-41EA8BBF066A}.Debug|Win32.Build.0 = Debug|Win32
		{766D4B68-84A4-4FC0-BBCC-41EA8BBF066A}.Feedback Mode|Win32.ActiveCfg = Feedback Mode|Win32
		{766D4B68-84A4-4FC0-BBCC-41EA8BBF066A}.Feedback Mode|Win32.Build.0 = Feedback Mode|Win32
		{766D4B68-84A4-4FC0-BBCC-41EA8BBF066A}.Release|Win32.ActiveCfg = Release|Win32
		{766D4B68-84A4-4FC0-BBCC-41EA8BBF066A}.Release|Win32.Build.0 = Release|Win32
		{AB574DD6-E519-47C6-B683-0C6B8F9F0D13}.Debug|Win32.ActiveCfg = Debug|Win32
		{AB574DD6-E519-47C6-B683-0C6B8F9F0D13}.Debug|Win32.Build.0 = Debug|Win32
		{AB574DD6-E519-47C6-B683-0C6B8F9F0D13}.Feedback Mode|Win32.ActiveCfg = Feedback Mode|Win32
		{AB574DD6-E519-47C6-B683-0C6B8F9F0D13}.Feedback Mode|Win32.Build.0 = Feedback Mode|Win32
		{AB574DD6-E519-47C6-B683-0C6B8F9F0D13}.Release|Win32.ActiveCfg = Release|Win32
		{AB574DD6-E519-47C6-B683-0C6B8F9F0D13}.Release|Win32.Build.0 = Release|Win32
		{67911DC0-C2A3-4696-8CB6-82078EAF7140}.Debug|Win32.ActiveCfg = Debug|Win32
		{67911DC0-C2A3-4696-8CB6-82078EAF7140}.Debug|Win32.Build.0 = Debug|Win32
		{67911DC0-C2A3-4696-8CB6-82078EAF7140}.Feedback Mode|Win32.ActiveCfg = Feedback Mode|Win32
		{67911DC0-C2A3-4696-8CB6-82078EAF7140}.Feedback Mode|Win32.Build.0 = Feedback Mode|Win32
		{67911DC0-C2A3-4696-8CB6-82078EAF7140}.Release|Win32.ActiveCfg = Release|Win32
		{67911DC0-C2A3-4696-8CB6-82078EAF7140}.Release|Win32.Build.0 = Release|Win32
	EndGlobalSection
	GlobalSection(SolutionProperties) = preSolution
		HideSolutionNode = FALSE
	EndGlobalSection
EndGlobal
